PODS:
  - Flutter (1.0.0)
  - Mixpanel-swift (2.8.0):
    - Mixpanel-swift/Complete (= 2.8.0)
  - Mixpanel-swift/Complete (2.8.0)
  - native_mixpanel (0.0.1):
    - Flutter
    - Mixpanel-swift (= 2.8.0)

DEPENDENCIES:
  - Flutter (from `Flutter`)
  - native_mixpanel (from `.symlinks/plugins/native_mixpanel/ios`)

SPEC REPOS:
  trunk:
    - Mixpanel-swift

EXTERNAL SOURCES:
  Flutter:
    :path: Flutter
  native_mixpanel:
    :path: ".symlinks/plugins/native_mixpanel/ios"

SPEC CHECKSUMS:
  Flutter: 0e3d915762c693b495b44d77113d4970485de6ec
  Mixpanel-swift: c16e5d3f7862b4a2f9b6b69b7e19ccacc3b12007
  native_mixpanel: ca1bb02a43ed9cbb445caf3346a96aa4f33bc270

PODFILE CHECKSUM: a75497545d4391e2d394c3668e20cfb1c2bbd4aa

COCOAPODS: 1.9.3
